
Microsoft Visual Studio Solution File, Format Version 12.00
# Visual Studio Version 16
VisualStudioVersion = 16.0.32002.261
MinimumVisualStudioVersion = 10.0.40219.1
Project("{FAE04EC0-301F-11D3-BF4B-00C04F79EFBC}") = "AppBanco", "AppBanco\AppBanco.csproj", "{070BA9CC-F00B-47B0-9BD1-2EA0B0FDCE0E}"
EndProject
Global
	GlobalSection(SolutionConfigurationPlatforms) = preSolution
		Debug|Any CPU = Debug|Any CPU
		Release|Any CPU = Release|Any CPU
	EndGlobalSection
	GlobalSection(ProjectConfigurationPlatforms) = postSolution
		{070BA9CC-F00B-47B0-9BD1-2EA0B0FDCE0E}.Debug|Any CPU.ActiveCfg = Debug|Any CPU
		{070BA9CC-F00B-47B0-9BD1-2EA0B0FDCE0E}.Debug|Any CPU.Build.0 = Debug|Any CPU
		{070BA9CC-F00B-47B0-9BD1-2EA0B0FDCE0E}.Release|Any CPU.ActiveCfg = Release|Any CPU
		{070BA9CC-F00B-47B0-9BD1-2EA0B0FDCE0E}.Release|Any CPU.Build.0 = Release|Any CPU
	EndGlobalSection
	GlobalSection(SolutionProperties) = preSolution
		HideSolutionNode = FALSE
	EndGlobalSection
	GlobalSection(ExtensibilityGlobals) = postSolution
		SolutionGuid = {3F0B2FD1-5F49-4498-802D-A1D21B1A4966}
	EndGlobalSection
EndGlobal
